{"version":4,"terraform_version":"1.9.1","serial":21,"lineage":"23690562-3eb0-b541-5028-b060484ab465","outputs":{"admin_group_id":{"value":"b001125b-4708-4478-ae03-3af63924ea9f","type":"string"},"admin_group_name":{"value":"maelkloud-admins","type":"string"},"argocd_oidc_client_secret":{"value":"RI3hIxUTPM5ud6XfZ3anjUtwj30q6hu5","type":"string","sensitive":true},"client_redirect_uris":{"value":{"argocd":["https://argocd.maelkloud.com/auth/callback","https://argocd.maelkloud.com/applications"],"grafana":["https://grafana.maelkloud.com/login/generic_oauth"],"jenkins":["https://jenkins.maelkloud.com/securityRealm/finishLogin"],"minio":["https://minio.maelkloud.com/oauth_callback"],"prometheus":["https://prometheus.maelkloud.com/oauth/callback"],"sonarqube":["https://sonarqube.maelkloud.com/oauth2/callback/saml"]},"type":["object",{"argocd":["tuple",["string","string"]],"grafana":["tuple",["string"]],"jenkins":["set","string"],"minio":["tuple",["string"]],"prometheus":["tuple",["string"]],"sonarqube":["set","string"]}]},"grafana_oidc_client_secret":{"value":"BRyDJUNhfdokj72HNgHduis60OMdGsJ2","type":"string","sensitive":true},"jenkins_saml_client_id":{"value":"https://jenkins.maelkloud.com","type":"string"},"keycloak_endpoints":{"value":{"auth_url":"https://keycloak.maelkloud.com/realms/mkloud/protocol/openid-connect/auth","issuer_url":"https://keycloak.maelkloud.com/realms/mkloud","jwks_url":"https://keycloak.maelkloud.com/realms/mkloud/protocol/openid-connect/certs","token_url":"https://keycloak.maelkloud.com/realms/mkloud/protocol/openid-connect/token","userinfo_url":"https://keycloak.maelkloud.com/realms/mkloud/protocol/openid-connect/userinfo"},"type":["object",{"auth_url":"string","issuer_url":"string","jwks_url":"string","token_url":"string","userinfo_url":"string"}]},"minio_oidc_client_secret":{"value":"6SbxxLqGafs7XaiEot6LQnYaooJJSK7O","type":"string","sensitive":true},"oidc_client_ids":{"value":{"argocd":"f54a0d7d-5d34-47e6-a319-1cb9a3497dec","grafana":"e930a60d-c0e7-43ce-812f-1c31fa861426","minio":"5febb9ab-6fc8-4423-86ce-1057a2e572a3","prometheus":"dd5929db-637b-41f5-a7c5-2ab07e47e8c0"},"type":["object",{"argocd":"string","grafana":"string","minio":"string","prometheus":"string"}]},"oidc_client_secrets":{"value":{"argocd":"RI3hIxUTPM5ud6XfZ3anjUtwj30q6hu5","grafana":"BRyDJUNhfdokj72HNgHduis60OMdGsJ2","minio":"6SbxxLqGafs7XaiEot6LQnYaooJJSK7O","prometheus":"ulmspKtJ0z1NKHbowhsdU0AtTFN3A0K1"},"type":["object",{"argocd":"string","grafana":"string","minio":"string","prometheus":"string"}],"sensitive":true},"prometheus_oidc_client_secret":{"value":"ulmspKtJ0z1NKHbowhsdU0AtTFN3A0K1","type":"string","sensitive":true},"realm_id":{"value":"mkloud","type":"string"},"realm_name":{"value":"mkloud","type":"string"},"sonarqube_saml_client_id":{"value":"sonarqube","type":"string"}},"resources":[{"mode":"data","type":"keycloak_realm","name":"main","provider":"provider[\"registry.opentofu.org/keycloak/keycloak\"]","instances":[{"schema_version":0,"attributes":{"access_code_lifespan":"1m0s","access_code_lifespan_login":"30m0s","access_code_lifespan_user_action":"5m0s","access_token_lifespan":"15m0s","access_token_lifespan_for_implicit_flow":"15m0s","account_theme":"","action_token_generated_by_admin_lifespan":"12h0m0s","action_token_generated_by_user_lifespan":"5m0s","admin_theme":"","attributes":{},"browser_flow":"browser","client_authentication_flow":"clients","client_session_idle_timeout":"0s","client_session_max_lifespan":"0s","default_default_client_scopes":[],"default_optional_client_scopes":[],"default_signature_algorithm":"","direct_grant_flow":"direct grant","display_name":"MaelKloud Realm","display_name_html":"","docker_authentication_flow":"docker auth","duplicate_emails_allowed":false,"edit_username_allowed":false,"email_theme":"","enabled":true,"first_broker_login_flow":"first broker login","id":"mkloud","internal_id":"mkloud","internationalization":[],"login_theme":"","login_with_email_allowed":true,"oauth2_device_code_lifespan":"10m0s","oauth2_device_polling_interval":5,"offline_session_idle_timeout":"720h0m0s","offline_session_max_lifespan":"1440h0m0s","offline_session_max_lifespan_enabled":false,"organizations_enabled":false,"otp_policy":[{"algorithm":"HmacSHA1","digits":6,"initial_counter":0,"look_ahead_window":1,"period":30,"type":"totp"}],"password_policy":"length(8) and digits(1) and lowerCase(1) and upperCase(1)","realm":"mkloud","refresh_token_max_reuse":0,"registration_allowed":false,"registration_email_as_username":false,"registration_flow":"registration","remember_me":true,"reset_credentials_flow":"reset credentials","reset_password_allowed":true,"revoke_refresh_token":false,"security_defenses":null,"smtp_server":[],"ssl_required":"external","sso_session_idle_timeout":"30m0s","sso_session_idle_timeout_remember_me":"0s","sso_session_max_lifespan":"10h0m0s","sso_session_max_lifespan_remember_me":"0s","user_managed_access":false,"verify_email":false,"web_authn_passwordless_policy":[{"acceptable_aaguids":[],"attestation_conveyance_preference":"not specified","authenticator_attachment":"not specified","avoid_same_authenticator_register":false,"create_timeout":0,"extra_origins":[],"relying_party_entity_name":"keycloak","relying_party_id":"","require_resident_key":"not specified","signature_algorithms":["ES256","RS256"],"user_verification_requirement":"not specified"}],"web_authn_policy":[{"acceptable_aaguids":[],"attestation_conveyance_preference":"not specified","authenticator_attachment":"not specified","avoid_same_authenticator_register":false,"create_timeout":0,"extra_origins":[],"relying_party_entity_name":"keycloak","relying_party_id":"","require_resident_key":"not specified","signature_algorithms":["ES256","RS256"],"user_verification_requirement":"not specified"}]},"sensitive_attributes":[]}]},{"mode":"managed","type":"keycloak_generic_protocol_mapper","name":"jenkins_groups","provider":"provider[\"registry.opentofu.org/keycloak/keycloak\"]","instances":[{"schema_version":0,"attributes":{"client_id":"5cb87948-5774-41b3-af77-01e0868c606a","client_scope_id":null,"config":{"attribute.name":"groups","attribute.nameformat":"Basic","full.path":"false"},"id":"01dde3ea-82d5-4b13-91dd-bd23e06665d9","name":"Groups","protocol":"saml","protocol_mapper":"saml-group-membership-mapper","realm_id":"mkloud"},"sensitive_attributes":[],"private":"bnVsbA==","dependencies":["data.keycloak_realm.main","keycloak_realm.main","keycloak_saml_client.jenkins"]}]},{"mode":"managed","type":"keycloak_generic_protocol_mapper","name":"oidc_groups_mapper","provider":"provider[\"registry.opentofu.org/keycloak/keycloak\"]","instances":[{"index_key":"argocd","schema_version":0,"attributes":{"client_id":"f54a0d7d-5d34-47e6-a319-1cb9a3497dec","client_scope_id":null,"config":{"access.token.claim":"true","claim.name":"groups","full.path":"false","id.token.claim":"true","jsonType.label":"String","userinfo.token.claim":"true"},"id":"983fe28e-933a-4315-829f-35c19ce24634","name":"groups","protocol":"openid-connect","protocol_mapper":"oidc-group-membership-mapper","realm_id":"mkloud"},"sensitive_attributes":[],"private":"bnVsbA==","dependencies":["data.keycloak_realm.main","keycloak_openid_client.oidc_clients","keycloak_realm.main"]},{"index_key":"grafana","schema_version":0,"attributes":{"client_id":"e930a60d-c0e7-43ce-812f-1c31fa861426","client_scope_id":null,"config":{"access.token.claim":"true","claim.name":"groups","full.path":"false","id.token.claim":"true","jsonType.label":"String","userinfo.token.claim":"true"},"id":"69ffe56b-4f54-4a2a-8475-1e8f342e047e","name":"groups","protocol":"openid-connect","protocol_mapper":"oidc-group-membership-mapper","realm_id":"mkloud"},"sensitive_attributes":[],"private":"bnVsbA==","dependencies":["data.keycloak_realm.main","keycloak_openid_client.oidc_clients","keycloak_realm.main"]},{"index_key":"minio","schema_version":0,"attributes":{"client_id":"5febb9ab-6fc8-4423-86ce-1057a2e572a3","client_scope_id":null,"config":{"access.token.claim":"true","claim.name":"groups","full.path":"false","id.token.claim":"true","jsonType.label":"String","userinfo.token.claim":"true"},"id":"ad12d020-7e05-4c47-a283-7403a00d257c","name":"groups","protocol":"openid-connect","protocol_mapper":"oidc-group-membership-mapper","realm_id":"mkloud"},"sensitive_attributes":[],"private":"bnVsbA==","dependencies":["data.keycloak_realm.main","keycloak_openid_client.oidc_clients","keycloak_realm.main"]},{"index_key":"prometheus","schema_version":0,"attributes":{"client_id":"dd5929db-637b-41f5-a7c5-2ab07e47e8c0","client_scope_id":null,"config":{"access.token.claim":"true","claim.name":"groups","full.path":"false","id.token.claim":"true","jsonType.label":"String","userinfo.token.claim":"true"},"id":"b0de429e-5786-4d49-9696-4e2d7bda01d5","name":"groups","protocol":"openid-connect","protocol_mapper":"oidc-group-membership-mapper","realm_id":"mkloud"},"sensitive_attributes":[],"private":"bnVsbA==","dependencies":["data.keycloak_realm.main","keycloak_openid_client.oidc_clients","keycloak_realm.main"]}]},{"mode":"managed","type":"keycloak_generic_protocol_mapper","name":"sonarqube_groups","provider":"provider[\"registry.opentofu.org/keycloak/keycloak\"]","instances":[{"schema_version":0,"attributes":{"client_id":"dff92d6e-2d45-4269-9937-e97373deed19","client_scope_id":null,"config":{"attribute.name":"groups","attribute.nameformat":"Basic","full.path":"false"},"id":"2aaec845-3a93-450d-aaeb-0f63ebe02158","name":"Groups","protocol":"saml","protocol_mapper":"saml-group-membership-mapper","realm_id":"mkloud"},"sensitive_attributes":[],"private":"bnVsbA==","dependencies":["data.keycloak_realm.main","keycloak_realm.main","keycloak_saml_client.sonarqube"]}]},{"mode":"managed","type":"keycloak_group","name":"admin_group","provider":"provider[\"registry.opentofu.org/keycloak/keycloak\"]","instances":[{"schema_version":0,"attributes":{"attributes":{},"id":"b001125b-4708-4478-ae03-3af63924ea9f","name":"maelkloud-admins","parent_id":null,"path":"/maelkloud-admins","realm_id":"mkloud"},"sensitive_attributes":[],"private":"bnVsbA==","dependencies":["data.keycloak_realm.main","keycloak_realm.main"]}]},{"mode":"managed","type":"keycloak_group_roles","name":"client_group_roles","provider":"provider[\"registry.opentofu.org/keycloak/keycloak\"]","instances":[{"index_key":"argocd","schema_version":0,"attributes":{"exhaustive":true,"group_id":"b001125b-4708-4478-ae03-3af63924ea9f","id":"mkloud/b001125b-4708-4478-ae03-3af63924ea9f","realm_id":"mkloud","role_ids":["aebb74e1-946e-4333-99c4-aa632f8d6733"]},"sensitive_attributes":[],"private":"bnVsbA==","dependencies":["data.keycloak_realm.main","keycloak_group.admin_group","keycloak_openid_client.oidc_clients","keycloak_realm.main","keycloak_role.client_roles"]},{"index_key":"grafana","schema_version":0,"attributes":{"exhaustive":true,"group_id":"b001125b-4708-4478-ae03-3af63924ea9f","id":"mkloud/b001125b-4708-4478-ae03-3af63924ea9f","realm_id":"mkloud","role_ids":["22c6ad4b-8cb3-4b53-abf9-d7756d6a2a7e"]},"sensitive_attributes":[],"private":"bnVsbA==","dependencies":["data.keycloak_realm.main","keycloak_group.admin_group","keycloak_openid_client.oidc_clients","keycloak_realm.main","keycloak_role.client_roles"]},{"index_key":"minio","schema_version":0,"attributes":{"exhaustive":true,"group_id":"b001125b-4708-4478-ae03-3af63924ea9f","id":"mkloud/b001125b-4708-4478-ae03-3af63924ea9f","realm_id":"mkloud","role_ids":["bca10d20-6029-4c80-bd2e-68087b860a55"]},"sensitive_attributes":[],"private":"bnVsbA==","dependencies":["data.keycloak_realm.main","keycloak_group.admin_group","keycloak_openid_client.oidc_clients","keycloak_realm.main","keycloak_role.client_roles"]},{"index_key":"prometheus","schema_version":0,"attributes":{"exhaustive":true,"group_id":"b001125b-4708-4478-ae03-3af63924ea9f","id":"mkloud/b001125b-4708-4478-ae03-3af63924ea9f","realm_id":"mkloud","role_ids":["aa26f6ee-f10b-4655-9d58-c9501e667570"]},"sensitive_attributes":[],"private":"bnVsbA==","dependencies":["data.keycloak_realm.main","keycloak_group.admin_group","keycloak_openid_client.oidc_clients","keycloak_realm.main","keycloak_role.client_roles"]}]},{"mode":"managed","type":"keycloak_openid_client","name":"oidc_clients","provider":"provider[\"registry.opentofu.org/keycloak/keycloak\"]","instances":[{"index_key":"argocd","schema_version":0,"attributes":{"access_token_lifespan":"","access_type":"CONFIDENTIAL","admin_url":"","always_display_in_console":false,"authentication_flow_binding_overrides":[],"authorization":[],"backchannel_logout_revoke_offline_sessions":false,"backchannel_logout_session_required":true,"backchannel_logout_url":"","base_url":"https://argocd.maelkloud.com","client_authenticator_type":"client-secret","client_id":"argocd","client_offline_session_idle_timeout":"","client_offline_session_max_lifespan":"","client_secret":"RI3hIxUTPM5ud6XfZ3anjUtwj30q6hu5","client_session_idle_timeout":"","client_session_max_lifespan":"","consent_required":false,"consent_screen_text":"","description":"","direct_access_grants_enabled":false,"display_on_consent_screen":false,"enabled":true,"exclude_issuer_from_auth_response":null,"exclude_session_state_from_auth_response":null,"extra_config":{},"frontchannel_logout_enabled":false,"frontchannel_logout_url":"","full_scope_allowed":true,"id":"f54a0d7d-5d34-47e6-a319-1cb9a3497dec","implicit_flow_enabled":false,"import":false,"login_theme":"","name":"ArgoCD","oauth2_device_authorization_grant_enabled":false,"oauth2_device_code_lifespan":"","oauth2_device_polling_interval":"","pkce_code_challenge_method":"","realm_id":"mkloud","resource_server_id":null,"root_url":"","service_account_user_id":"","service_accounts_enabled":false,"standard_flow_enabled":true,"use_refresh_tokens":true,"use_refresh_tokens_client_credentials":false,"valid_post_logout_redirect_uris":[],"valid_redirect_uris":["https://argocd.maelkloud.com/applications","https://argocd.maelkloud.com/auth/callback"],"web_origins":["https://argocd.maelkloud.com"]},"sensitive_attributes":[[{"type":"get_attr","value":"client_secret"}]],"private":"bnVsbA==","dependencies":["data.keycloak_realm.main","keycloak_realm.main"]},{"index_key":"grafana","schema_version":0,"attributes":{"access_token_lifespan":"","access_type":"CONFIDENTIAL","admin_url":"","always_display_in_console":false,"authentication_flow_binding_overrides":[],"authorization":[],"backchannel_logout_revoke_offline_sessions":false,"backchannel_logout_session_required":true,"backchannel_logout_url":"","base_url":"https://grafana.maelkloud.com","client_authenticator_type":"client-secret","client_id":"grafana","client_offline_session_idle_timeout":"","client_offline_session_max_lifespan":"","client_secret":"BRyDJUNhfdokj72HNgHduis60OMdGsJ2","client_session_idle_timeout":"","client_session_max_lifespan":"","consent_required":false,"consent_screen_text":"","description":"","direct_access_grants_enabled":false,"display_on_consent_screen":false,"enabled":true,"exclude_issuer_from_auth_response":null,"exclude_session_state_from_auth_response":null,"extra_config":{},"frontchannel_logout_enabled":false,"frontchannel_logout_url":"","full_scope_allowed":true,"id":"e930a60d-c0e7-43ce-812f-1c31fa861426","implicit_flow_enabled":false,"import":false,"login_theme":"","name":"Grafana","oauth2_device_authorization_grant_enabled":false,"oauth2_device_code_lifespan":"","oauth2_device_polling_interval":"","pkce_code_challenge_method":"","realm_id":"mkloud","resource_server_id":null,"root_url":"","service_account_user_id":"","service_accounts_enabled":false,"standard_flow_enabled":true,"use_refresh_tokens":true,"use_refresh_tokens_client_credentials":false,"valid_post_logout_redirect_uris":[],"valid_redirect_uris":["https://grafana.maelkloud.com/login/generic_oauth"],"web_origins":["https://grafana.maelkloud.com"]},"sensitive_attributes":[[{"type":"get_attr","value":"client_secret"}]],"private":"bnVsbA==","dependencies":["data.keycloak_realm.main","keycloak_realm.main"]},{"index_key":"minio","schema_version":0,"attributes":{"access_token_lifespan":"","access_type":"CONFIDENTIAL","admin_url":"","always_display_in_console":false,"authentication_flow_binding_overrides":[],"authorization":[],"backchannel_logout_revoke_offline_sessions":false,"backchannel_logout_session_required":true,"backchannel_logout_url":"","base_url":"https://minio.maelkloud.com","client_authenticator_type":"client-secret","client_id":"minio","client_offline_session_idle_timeout":"","client_offline_session_max_lifespan":"","client_secret":"6SbxxLqGafs7XaiEot6LQnYaooJJSK7O","client_session_idle_timeout":"","client_session_max_lifespan":"","consent_required":false,"consent_screen_text":"","description":"","direct_access_grants_enabled":false,"display_on_consent_screen":false,"enabled":true,"exclude_issuer_from_auth_response":null,"exclude_session_state_from_auth_response":null,"extra_config":{},"frontchannel_logout_enabled":false,"frontchannel_logout_url":"","full_scope_allowed":true,"id":"5febb9ab-6fc8-4423-86ce-1057a2e572a3","implicit_flow_enabled":false,"import":false,"login_theme":"","name":"MinIO","oauth2_device_authorization_grant_enabled":false,"oauth2_device_code_lifespan":"","oauth2_device_polling_interval":"","pkce_code_challenge_method":"","realm_id":"mkloud","resource_server_id":null,"root_url":"","service_account_user_id":"","service_accounts_enabled":false,"standard_flow_enabled":true,"use_refresh_tokens":true,"use_refresh_tokens_client_credentials":false,"valid_post_logout_redirect_uris":[],"valid_redirect_uris":["https://minio.maelkloud.com/oauth_callback"],"web_origins":["https://minio.maelkloud.com"]},"sensitive_attributes":[[{"type":"get_attr","value":"client_secret"}]],"private":"bnVsbA==","dependencies":["data.keycloak_realm.main","keycloak_realm.main"]},{"index_key":"prometheus","schema_version":0,"attributes":{"access_token_lifespan":"","access_type":"CONFIDENTIAL","admin_url":"","always_display_in_console":false,"authentication_flow_binding_overrides":[],"authorization":[],"backchannel_logout_revoke_offline_sessions":false,"backchannel_logout_session_required":true,"backchannel_logout_url":"","base_url":"https://prometheus.maelkloud.com","client_authenticator_type":"client-secret","client_id":"prometheus","client_offline_session_idle_timeout":"","client_offline_session_max_lifespan":"","client_secret":"ulmspKtJ0z1NKHbowhsdU0AtTFN3A0K1","client_session_idle_timeout":"","client_session_max_lifespan":"","consent_required":false,"consent_screen_text":"","description":"","direct_access_grants_enabled":false,"display_on_consent_screen":false,"enabled":true,"exclude_issuer_from_auth_response":null,"exclude_session_state_from_auth_response":null,"extra_config":{},"frontchannel_logout_enabled":false,"frontchannel_logout_url":"","full_scope_allowed":true,"id":"dd5929db-637b-41f5-a7c5-2ab07e47e8c0","implicit_flow_enabled":false,"import":false,"login_theme":"","name":"Prometheus","oauth2_device_authorization_grant_enabled":false,"oauth2_device_code_lifespan":"","oauth2_device_polling_interval":"","pkce_code_challenge_method":"","realm_id":"mkloud","resource_server_id":null,"root_url":"","service_account_user_id":"","service_accounts_enabled":false,"standard_flow_enabled":true,"use_refresh_tokens":true,"use_refresh_tokens_client_credentials":false,"valid_post_logout_redirect_uris":[],"valid_redirect_uris":["https://prometheus.maelkloud.com/oauth/callback"],"web_origins":["https://prometheus.maelkloud.com"]},"sensitive_attributes":[[{"type":"get_attr","value":"client_secret"}]],"private":"bnVsbA==","dependencies":["data.keycloak_realm.main","keycloak_realm.main"]}]},{"mode":"managed","type":"keycloak_openid_client_default_scopes","name":"oidc_client_default_scopes","provider":"provider[\"registry.opentofu.org/keycloak/keycloak\"]","instances":[{"index_key":"argocd","schema_version":0,"attributes":{"client_id":"f54a0d7d-5d34-47e6-a319-1cb9a3497dec","default_scopes":["email","profile","roles","web-origins"],"id":"mkloud/f54a0d7d-5d34-47e6-a319-1cb9a3497dec","realm_id":"mkloud"},"sensitive_attributes":[],"private":"bnVsbA==","dependencies":["data.keycloak_realm.main","keycloak_openid_client.oidc_clients","keycloak_realm.main"]},{"index_key":"grafana","schema_version":0,"attributes":{"client_id":"e930a60d-c0e7-43ce-812f-1c31fa861426","default_scopes":["email","profile","roles","web-origins"],"id":"mkloud/e930a60d-c0e7-43ce-812f-1c31fa861426","realm_id":"mkloud"},"sensitive_attributes":[],"private":"bnVsbA==","dependencies":["data.keycloak_realm.main","keycloak_openid_client.oidc_clients","keycloak_realm.main"]},{"index_key":"minio","schema_version":0,"attributes":{"client_id":"5febb9ab-6fc8-4423-86ce-1057a2e572a3","default_scopes":["email","profile","roles","web-origins"],"id":"mkloud/5febb9ab-6fc8-4423-86ce-1057a2e572a3","realm_id":"mkloud"},"sensitive_attributes":[],"private":"bnVsbA==","dependencies":["data.keycloak_realm.main","keycloak_openid_client.oidc_clients","keycloak_realm.main"]},{"index_key":"prometheus","schema_version":0,"attributes":{"client_id":"dd5929db-637b-41f5-a7c5-2ab07e47e8c0","default_scopes":["email","profile","roles","web-origins"],"id":"mkloud/dd5929db-637b-41f5-a7c5-2ab07e47e8c0","realm_id":"mkloud"},"sensitive_attributes":[],"private":"bnVsbA==","dependencies":["data.keycloak_realm.main","keycloak_openid_client.oidc_clients","keycloak_realm.main"]}]},{"mode":"managed","type":"keycloak_openid_client_optional_scopes","name":"oidc_client_optional_scopes","provider":"provider[\"registry.opentofu.org/keycloak/keycloak\"]","instances":[{"index_key":"argocd","schema_version":0,"attributes":{"client_id":"f54a0d7d-5d34-47e6-a319-1cb9a3497dec","id":"mkloud/f54a0d7d-5d34-47e6-a319-1cb9a3497dec","optional_scopes":["address","microprofile-jwt","offline_access","phone"],"realm_id":"mkloud"},"sensitive_attributes":[],"private":"bnVsbA==","dependencies":["data.keycloak_realm.main","keycloak_openid_client.oidc_clients","keycloak_realm.main"]},{"index_key":"grafana","schema_version":0,"attributes":{"client_id":"e930a60d-c0e7-43ce-812f-1c31fa861426","id":"mkloud/e930a60d-c0e7-43ce-812f-1c31fa861426","optional_scopes":["address","microprofile-jwt","offline_access","phone"],"realm_id":"mkloud"},"sensitive_attributes":[],"private":"bnVsbA==","dependencies":["data.keycloak_realm.main","keycloak_openid_client.oidc_clients","keycloak_realm.main"]},{"index_key":"minio","schema_version":0,"attributes":{"client_id":"5febb9ab-6fc8-4423-86ce-1057a2e572a3","id":"mkloud/5febb9ab-6fc8-4423-86ce-1057a2e572a3","optional_scopes":["address","microprofile-jwt","offline_access","phone"],"realm_id":"mkloud"},"sensitive_attributes":[],"private":"bnVsbA==","dependencies":["data.keycloak_realm.main","keycloak_openid_client.oidc_clients","keycloak_realm.main"]},{"index_key":"prometheus","schema_version":0,"attributes":{"client_id":"dd5929db-637b-41f5-a7c5-2ab07e47e8c0","id":"mkloud/dd5929db-637b-41f5-a7c5-2ab07e47e8c0","optional_scopes":["address","microprofile-jwt","offline_access","phone"],"realm_id":"mkloud"},"sensitive_attributes":[],"private":"bnVsbA==","dependencies":["data.keycloak_realm.main","keycloak_openid_client.oidc_clients","keycloak_realm.main"]}]},{"mode":"managed","type":"keycloak_role","name":"client_roles","provider":"provider[\"registry.opentofu.org/keycloak/keycloak\"]","instances":[{"index_key":"argocd","schema_version":0,"attributes":{"attributes":{},"client_id":"f54a0d7d-5d34-47e6-a319-1cb9a3497dec","composite_roles":[],"description":"","id":"aebb74e1-946e-4333-99c4-aa632f8d6733","import":false,"name":"argocd-admin","realm_id":"mkloud"},"sensitive_attributes":[],"private":"bnVsbA==","dependencies":["data.keycloak_realm.main","keycloak_openid_client.oidc_clients","keycloak_realm.main"]},{"index_key":"grafana","schema_version":0,"attributes":{"attributes":{},"client_id":"e930a60d-c0e7-43ce-812f-1c31fa861426","composite_roles":[],"description":"","id":"22c6ad4b-8cb3-4b53-abf9-d7756d6a2a7e","import":false,"name":"grafana-admin","realm_id":"mkloud"},"sensitive_attributes":[],"private":"bnVsbA==","dependencies":["data.keycloak_realm.main","keycloak_openid_client.oidc_clients","keycloak_realm.main"]},{"index_key":"minio","schema_version":0,"attributes":{"attributes":{},"client_id":"5febb9ab-6fc8-4423-86ce-1057a2e572a3","composite_roles":[],"description":"","id":"bca10d20-6029-4c80-bd2e-68087b860a55","import":false,"name":"minio-admin","realm_id":"mkloud"},"sensitive_attributes":[],"private":"bnVsbA==","dependencies":["data.keycloak_realm.main","keycloak_openid_client.oidc_clients","keycloak_realm.main"]},{"index_key":"prometheus","schema_version":0,"attributes":{"attributes":{},"client_id":"dd5929db-637b-41f5-a7c5-2ab07e47e8c0","composite_roles":[],"description":"","id":"aa26f6ee-f10b-4655-9d58-c9501e667570","import":false,"name":"prometheus-admin","realm_id":"mkloud"},"sensitive_attributes":[],"private":"bnVsbA==","dependencies":["data.keycloak_realm.main","keycloak_openid_client.oidc_clients","keycloak_realm.main"]}]},{"mode":"managed","type":"keycloak_saml_client","name":"jenkins","provider":"provider[\"registry.opentofu.org/keycloak/keycloak\"]","instances":[{"schema_version":0,"attributes":{"always_display_in_console":false,"assertion_consumer_post_url":"","assertion_consumer_redirect_url":"","authentication_flow_binding_overrides":[],"base_url":"https://jenkins.maelkloud.com","canonicalization_method":"EXCLUSIVE","client_id":"https://jenkins.maelkloud.com","client_signature_required":false,"consent_required":false,"description":"","enabled":true,"encrypt_assertions":false,"encryption_certificate":"","encryption_certificate_sha1":"","extra_config":null,"force_name_id_format":false,"force_post_binding":false,"front_channel_logout":true,"full_scope_allowed":true,"id":"5cb87948-5774-41b3-af77-01e0868c606a","idp_initiated_sso_relay_state":"","idp_initiated_sso_url_name":"","include_authn_statement":true,"login_theme":"","logout_service_post_binding_url":"","logout_service_redirect_binding_url":"","master_saml_processing_url":"","name":"Jenkins","name_id_format":"username","realm_id":"mkloud","root_url":"","sign_assertions":false,"sign_documents":false,"signature_algorithm":"","signature_key_name":"KEY_ID","signing_certificate":"","signing_certificate_sha1":"","signing_private_key":"","signing_private_key_sha1":"","valid_redirect_uris":["https://jenkins.maelkloud.com/securityRealm/finishLogin"]},"sensitive_attributes":[],"private":"bnVsbA==","dependencies":["data.keycloak_realm.main","keycloak_realm.main"]}]},{"mode":"managed","type":"keycloak_saml_client","name":"sonarqube","provider":"provider[\"registry.opentofu.org/keycloak/keycloak\"]","instances":[{"schema_version":0,"attributes":{"always_display_in_console":false,"assertion_consumer_post_url":"","assertion_consumer_redirect_url":"","authentication_flow_binding_overrides":[],"base_url":"https://sonarqube.maelkloud.com","canonicalization_method":"EXCLUSIVE","client_id":"sonarqube","client_signature_required":false,"consent_required":false,"description":"","enabled":true,"encrypt_assertions":false,"encryption_certificate":"","encryption_certificate_sha1":"","extra_config":{},"force_name_id_format":false,"force_post_binding":true,"front_channel_logout":true,"full_scope_allowed":true,"id":"dff92d6e-2d45-4269-9937-e97373deed19","idp_initiated_sso_relay_state":"","idp_initiated_sso_url_name":"","include_authn_statement":true,"login_theme":"","logout_service_post_binding_url":"","logout_service_redirect_binding_url":"","master_saml_processing_url":"","name":"SonarQube","name_id_format":"email","realm_id":"mkloud","root_url":"","sign_assertions":false,"sign_documents":true,"signature_algorithm":"","signature_key_name":"KEY_ID","signing_certificate":"","signing_certificate_sha1":"","signing_private_key":"","signing_private_key_sha1":"","valid_redirect_uris":["https://sonarqube.maelkloud.com/oauth2/callback/saml"]},"sensitive_attributes":[],"private":"bnVsbA==","dependencies":["data.keycloak_realm.main","keycloak_realm.main"]}]},{"mode":"managed","type":"keycloak_saml_user_property_protocol_mapper","name":"jenkins_email","provider":"provider[\"registry.opentofu.org/keycloak/keycloak\"]","instances":[{"schema_version":0,"attributes":{"client_id":"5cb87948-5774-41b3-af77-01e0868c606a","client_scope_id":null,"friendly_name":"email","id":"c74220b9-f8b4-4472-97b0-eb5e1c3c5636","name":"Email","realm_id":"mkloud","saml_attribute_name":"email","saml_attribute_name_format":"Basic","user_property":"Email"},"sensitive_attributes":[],"private":"bnVsbA==","dependencies":["data.keycloak_realm.main","keycloak_realm.main","keycloak_saml_client.jenkins"]}]},{"mode":"managed","type":"keycloak_saml_user_property_protocol_mapper","name":"jenkins_username","provider":"provider[\"registry.opentofu.org/keycloak/keycloak\"]","instances":[{"schema_version":0,"attributes":{"client_id":"5cb87948-5774-41b3-af77-01e0868c606a","client_scope_id":null,"friendly_name":"username","id":"ce268937-42cd-4c39-86c7-1e72d9d604ae","name":"Username","realm_id":"mkloud","saml_attribute_name":"username","saml_attribute_name_format":"Basic","user_property":"Username"},"sensitive_attributes":[],"private":"bnVsbA==","dependencies":["data.keycloak_realm.main","keycloak_realm.main","keycloak_saml_client.jenkins"]}]},{"mode":"managed","type":"keycloak_saml_user_property_protocol_mapper","name":"sonarqube_email","provider":"provider[\"registry.opentofu.org/keycloak/keycloak\"]","instances":[{"schema_version":0,"attributes":{"client_id":"dff92d6e-2d45-4269-9937-e97373deed19","client_scope_id":null,"friendly_name":"email","id":"2b6f0940-9182-418d-b15a-7634b52e43e0","name":"Email","realm_id":"mkloud","saml_attribute_name":"email","saml_attribute_name_format":"Basic","user_property":"Email"},"sensitive_attributes":[],"private":"bnVsbA==","dependencies":["data.keycloak_realm.main","keycloak_realm.main","keycloak_saml_client.sonarqube"]}]},{"mode":"managed","type":"keycloak_saml_user_property_protocol_mapper","name":"sonarqube_login","provider":"provider[\"registry.opentofu.org/keycloak/keycloak\"]","instances":[{"schema_version":0,"attributes":{"client_id":"dff92d6e-2d45-4269-9937-e97373deed19","client_scope_id":null,"friendly_name":"Login","id":"ae308762-3622-4abd-8af5-3001ed476cb8","name":"Login","realm_id":"mkloud","saml_attribute_name":"login","saml_attribute_name_format":"Basic","user_property":"Username"},"sensitive_attributes":[],"private":"bnVsbA==","dependencies":["data.keycloak_realm.main","keycloak_realm.main","keycloak_saml_client.sonarqube"]}]},{"mode":"managed","type":"keycloak_saml_user_property_protocol_mapper","name":"sonarqube_name","provider":"provider[\"registry.opentofu.org/keycloak/keycloak\"]","instances":[{"schema_version":0,"attributes":{"client_id":"dff92d6e-2d45-4269-9937-e97373deed19","client_scope_id":null,"friendly_name":"name","id":"927511f9-b58f-489c-b9fb-bcee48b0505d","name":"Name","realm_id":"mkloud","saml_attribute_name":"name","saml_attribute_name_format":"Basic","user_property":"Username"},"sensitive_attributes":[],"private":"bnVsbA==","dependencies":["data.keycloak_realm.main","keycloak_realm.main","keycloak_saml_client.sonarqube"]}]},{"mode":"managed","type":"keycloak_saml_user_property_protocol_mapper","name":"sonarqube_username","provider":"provider[\"registry.opentofu.org/keycloak/keycloak\"]","instances":[{"schema_version":0,"attributes":{"client_id":"dff92d6e-2d45-4269-9937-e97373deed19","client_scope_id":null,"friendly_name":"username","id":"50b057f8-0ad2-4195-ae28-73926eea64a2","name":"Username","realm_id":"mkloud","saml_attribute_name":"username","saml_attribute_name_format":"Basic","user_property":"Username"},"sensitive_attributes":[],"private":"bnVsbA==","dependencies":["data.keycloak_realm.main","keycloak_realm.main","keycloak_saml_client.sonarqube"]}]}],"check_results":null}
